// !$*UTF8*$!
{
	archiveVersion = 1;
	classes = {
	};
	objectVersion = 56;
	objects = {

/* Begin PBXBuildFile section */
		CE9899662C97622300A9DD46 /* AppDelegate.swift in Sources */ = {isa = PBXBuildFile; fileRef = CE9899652C97622300A9DD46 /* AppDelegate.swift */; };
		CE9899682C97622300A9DD46 /* SceneDelegate.swift in Sources */ = {isa = PBXBuildFile; fileRef = CE9899672C97622300A9DD46 /* SceneDelegate.swift */; };
		CE98996A2C97622300A9DD46 /* ViewController.swift in Sources */ = {isa = PBXBuildFile; fileRef = CE9899692C97622300A9DD46 /* ViewController.swift */; };
		CE98996D2C97622300A9DD46 /* Base in Resources */ = {isa = PBXBuildFile; fileRef = CE98996C2C97622300A9DD46 /* Base */; };
		CE98996F2C97622500A9DD46 /* Assets.xcassets in Resources */ = {isa = PBXBuildFile; fileRef = CE98996E2C97622500A9DD46 /* Assets.xcassets */; };
		CE9899722C97622500A9DD46 /* Base in Resources */ = {isa = PBXBuildFile; fileRef = CE9899712C97622500A9DD46 /* Base */; };
		CE9899822C97653100A9DD46 /* Bach.jpg in Resources */ = {isa = PBXBuildFile; fileRef = CE9899792C97653100A9DD46 /* Bach.jpg */; };
		CE9899832C97653100A9DD46 /* Beethoven.jpg in Resources */ = {isa = PBXBuildFile; fileRef = CE98997A2C97653100A9DD46 /* Beethoven.jpg */; };
		CE9899842C97653100A9DD46 /* Pachelbel.jpg in Resources */ = {isa = PBXBuildFile; fileRef = CE98997B2C97653100A9DD46 /* Pachelbel.jpg */; };
		CE9899852C97653100A9DD46 /* aria.mp3 in Resources */ = {isa = PBXBuildFile; fileRef = CE98997D2C97653100A9DD46 /* aria.mp3 */; };
		CE9899862C97653100A9DD46 /* cannon.mp3 in Resources */ = {isa = PBXBuildFile; fileRef = CE98997E2C97653100A9DD46 /* cannon.mp3 */; };
		CE9899872C97653100A9DD46 /* elise.mp3 in Resources */ = {isa = PBXBuildFile; fileRef = CE98997F2C97653100A9DD46 /* elise.mp3 */; };
/* End PBXBuildFile section */

/* Begin PBXFileReference section */
		CE9899622C97622300A9DD46 /* TouchPod.app */ = {isa = PBXFileReference; explicitFileType = wrapper.application; includeInIndex = 0; path = TouchPod.app; sourceTree = BUILT_PRODUCTS_DIR; };
		CE9899652C97622300A9DD46 /* AppDelegate.swift */ = {isa = PBXFileReference; lastKnownFileType = sourcecode.swift; path = AppDelegate.swift; sourceTree = "<group>"; };
		CE9899672C97622300A9DD46 /* SceneDelegate.swift */ = {isa = PBXFileReference; lastKnownFileType = sourcecode.swift; path = SceneDelegate.swift; sourceTree = "<group>"; };
		CE9899692C97622300A9DD46 /* ViewController.swift */ = {isa = PBXFileReference; lastKnownFileType = sourcecode.swift; path = ViewController.swift; sourceTree = "<group>"; };
		CE98996C2C97622300A9DD46 /* Base */ = {isa = PBXFileReference; lastKnownFileType = file.storyboard; name = Base; path = Base.lproj/Main.storyboard; sourceTree = "<group>"; };
		CE98996E2C97622500A9DD46 /* Assets.xcassets */ = {isa = PBXFileReference; lastKnownFileType = folder.assetcatalog; path = Assets.xcassets; sourceTree = "<group>"; };
		CE9899712C97622500A9DD46 /* Base */ = {isa = PBXFileReference; lastKnownFileType = file.storyboard; name = Base; path = Base.lproj/LaunchScreen.storyboard; sourceTree = "<group>"; };
		CE9899732C97622500A9DD46 /* Info.plist */ = {isa = PBXFileReference; lastKnownFileType = text.plist.xml; path = Info.plist; sourceTree = "<group>"; };
		CE9899792C97653100A9DD46 /* Bach.jpg */ = {isa = PBXFileReference; lastKnownFileType = image.jpeg; path = Bach.jpg; sourceTree = "<group>"; };
		CE98997A2C97653100A9DD46 /* Beethoven.jpg */ = {isa = PBXFileReference; lastKnownFileType = image.jpeg; path = Beethoven.jpg; sourceTree = "<group>"; };
		CE98997B2C97653100A9DD46 /* Pachelbel.jpg */ = {isa = PBXFileReference; lastKnownFileType = image.jpeg; path = Pachelbel.jpg; sourceTree = "<group>"; };
		CE98997D2C97653100A9DD46 /* aria.mp3 */ = {isa = PBXFileReference; lastKnownFileType = audio.mp3; path = aria.mp3; sourceTree = "<group>"; };
		CE98997E2C97653100A9DD46 /* cannon.mp3 */ = {isa = PBXFileReference; lastKnownFileType = audio.mp3; path = cannon.mp3; sourceTree = "<group>"; };
		CE98997F2C97653100A9DD46 /* elise.mp3 */ = {isa = PBXFileReference; lastKnownFileType = audio.mp3; path = elise.mp3; sourceTree = "<group>"; };
/* End PBXFileReference section */

/* Begin PBXFrameworksBuildPhase section */
		CE98995F2C97622300A9DD46 /* Frameworks */ = {
			isa = PBXFrameworksBuildPhase;
			buildActionMask = 2147483647;
			files = (
			);
			runOnlyForDeploymentPostprocessing = 0;
		};
/* End PBXFrameworksBuildPhase section */

/* Begin PBXGroup section */
		CE9899592C97622300A9DD46 = {
			isa = PBXGroup;
			children = (
				CE9899642C97622300A9DD46 /* TouchPod */,
				CE9899632C97622300A9DD46 /* Products */,
			);
			sourceTree = "<group>";
		};
		CE9899632C97622300A9DD46 /* Products */ = {
			isa = PBXGroup;
			children = (
				CE9899622C97622300A9DD46 /* TouchPod.app */,
			);
			name = Products;
			sourceTree = "<group>";
		};
		CE9899642C97622300A9DD46 /* TouchPod */ = {
			isa = PBXGroup;
			children = (
				CE9899652C97622300A9DD46 /* AppDelegate.swift */,
				CE9899672C97622300A9DD46 /* SceneDelegate.swift */,
				CE9899692C97622300A9DD46 /* ViewController.swift */,
				CE98996B2C97622300A9DD46 /* Main.storyboard */,
				CE98996E2C97622500A9DD46 /* Assets.xcassets */,
				CE9899702C97622500A9DD46 /* LaunchScreen.storyboard */,
				CE9899732C97622500A9DD46 /* Info.plist */,
				CE9899812C97653100A9DD46 /* Resources */,
			);
			path = TouchPod;
			sourceTree = "<group>";
		};
		CE98997C2C97653100A9DD46 /* Images */ = {
			isa = PBXGroup;
			children = (
				CE9899792C97653100A9DD46 /* Bach.jpg */,
				CE98997A2C97653100A9DD46 /* Beethoven.jpg */,
				CE98997B2C97653100A9DD46 /* Pachelbel.jpg */,
			);
			path = Images;
			sourceTree = "<group>";
		};
		CE9899802C97653100A9DD46 /* Songs */ = {
			isa = PBXGroup;
			children = (
				CE98997D2C97653100A9DD46 /* aria.mp3 */,
				CE98997E2C97653100A9DD46 /* cannon.mp3 */,
				CE98997F2C97653100A9DD46 /* elise.mp3 */,
			);
			path = Songs;
			sourceTree = "<group>";
		};
		CE9899812C97653100A9DD46 /* Resources */ = {
			isa = PBXGroup;
			children = (
				CE98997C2C97653100A9DD46 /* Images */,
				CE9899802C97653100A9DD46 /* Songs */,
			);
			path = Resources;
			sourceTree = "<group>";
		};
/* End PBXGroup section */

/* Begin PBXNativeTarget section */
		CE9899612C97622300A9DD46 /* TouchPod */ = {
			isa = PBXNativeTarget;
			buildConfigurationList = CE9899762C97622500A9DD46 /* Build configuration list for PBXNativeTarget "TouchPod" */;
			buildPhases = (
				CE98995E2C97622300A9DD46 /* Sources */,
				CE98995F2C97622300A9DD46 /* Frameworks */,
				CE9899602C97622300A9DD46 /* Resources */,
			);
			buildRules = (
			);
			dependencies = (
			);
			name = TouchPod;
			productName = TouchPod;
			productReference = CE9899622C97622300A9DD46 /* TouchPod.app */;
			productType = "com.apple.product-type.application";
		};
/* End PBXNativeTarget section */

/* Begin PBXProject section */
		CE98995A2C97622300A9DD46 /* Project object */ = {
			isa = PBXProject;
			attributes = {
				BuildIndependentTargetsInParallel = 1;
				LastSwiftUpdateCheck = 1540;
				LastUpgradeCheck = 1540;
				TargetAttributes = {
					CE9899612C97622300A9DD46 = {
						CreatedOnToolsVersion = 15.4;
					};
				};
			};
			buildConfigurationList = CE98995D2C97622300A9DD46 /* Build configuration list for PBXProject "TouchPod" */;
			compatibilityVersion = "Xcode 14.0";
			developmentRegion = en;
			hasScannedForEncodings = 0;
			knownRegions = (
				en,
				Base,
			);
			mainGroup = CE9899592C97622300A9DD46;
			productRefGroup = CE9899632C97622300A9DD46 /* Products */;
			projectDirPath = "";
			projectRoot = "";
			targets = (
				CE9899612C97622300A9DD46 /* TouchPod */,
			);
		};
/* End PBXProject section */

/* Begin PBXResourcesBuildPhase section */
		CE9899602C97622300A9DD46 /* Resources */ = {
			isa = PBXResourcesBuildPhase;
			buildActionMask = 2147483647;
			files = (
				CE9899842C97653100A9DD46 /* Pachelbel.jpg in Resources */,
				CE9899832C97653100A9DD46 /* Beethoven.jpg in Resources */,
				CE98996F2C97622500A9DD46 /* Assets.xcassets in Resources */,
				CE9899822C97653100A9DD46 /* Bach.jpg in Resources */,
				CE9899722C97622500A9DD46 /* Base in Resources */,
				CE9899872C97653100A9DD46 /* elise.mp3 in Resources */,
				CE9899862C97653100A9DD46 /* cannon.mp3 in Resources */,
				CE98996D2C97622300A9DD46 /* Base in Resources */,
				CE9899852C97653100A9DD46 /* aria.mp3 in Resources */,
			);
			runOnlyForDeploymentPostprocessing = 0;
		};
/* End PBXResourcesBuildPhase section */

/* Begin PBXSourcesBuildPhase section */
		CE98995E2C97622300A9DD46 /* Sources */ = {
			isa = PBXSourcesBuildPhase;
			buildActionMask = 2147483647;
			files = (
				CE98996A2C97622300A9DD46 /* ViewController.swift in Sources */,
				CE9899662C97622300A9DD46 /* AppDelegate.swift in Sources */,
				CE9899682C97622300A9DD46 /* SceneDelegate.swift in Sources */,
			);
			runOnlyForDeploymentPostprocessing = 0;
		};
/* End PBXSourcesBuildPhase section */

/* Begin PBXVariantGroup section */
		CE98996B2C97622300A9DD46 /* Main.storyboard */ = {
			isa = PBXVariantGroup;
			children = (
				CE98996C2C97622300A9DD46 /* Base */,
			);
			name = Main.storyboard;
			sourceTree = "<group>";
		};
		CE9899702C97622500A9DD46 /* LaunchScreen.storyboard */ = {
			isa = PBXVariantGroup;
			children = (
				CE9899712C97622500A9DD46 /* Base */,
			);
			name = LaunchScreen.storyboard;
			sourceTree = "<group>";
		};
/* End PBXVariantGroup section */

/* Begin XCBuildConfiguration section */
		CE9899742C97622500A9DD46 /* Debug */ = {
			isa = XCBuildConfiguration;
			buildSettings = {
				ALWAYS_SEARCH_USER_PATHS = NO;
				ASSETCATALOG_COMPILER_GENERATE_SWIFT_ASSET_SYMBOL_EXTENSIONS = YES;
				CLANG_ANALYZER_NONNULL = YES;
				CLANG_ANALYZER_NUMBER_OBJECT_CONVERSION = YES_AGGRESSIVE;
				CLANG_CXX_LANGUAGE_STANDARD = "gnu++20";
				CLANG_ENABLE_MODULES = YES;
				CLANG_ENABLE_OBJC_ARC = YES;
				CLANG_ENABLE_OBJC_WEAK = YES;
				CLANG_WARN_BLOCK_CAPTURE_AUTORELEASING = YES;
				CLANG_WARN_BOOL_CONVERSION = YES;
				CLANG_WARN_COMMA = YES;
				CLANG_WARN_CONSTANT_CONVERSION = YES;
				CLANG_WARN_DEPRECATED_OBJC_IMPLEMENTATIONS = YES;
				CLANG_WARN_DIRECT_OBJC_ISA_USAGE = YES_ERROR;
				CLANG_WARN_DOCUMENTATION_COMMENTS = YES;
				CLANG_WARN_EMPTY_BODY = YES;
				CLANG_WARN_ENUM_CONVERSION = YES;
				CLANG_WARN_INFINITE_RECURSION = YES;
				CLANG_WARN_INT_CONVERSION = YES;
				CLANG_WARN_NON_LITERAL_NULL_CONVERSION = YES;
				CLANG_WARN_OBJC_IMPLICIT_RETAIN_SELF = YES;
				CLANG_WARN_OBJC_LITERAL_CONVERSION = YES;
				CLANG_WARN_OBJC_ROOT_CLASS = YES_ERROR;
				CLANG_WARN_QUOTED_INCLUDE_IN_FRAMEWORK_HEADER = YES;
				CLANG_WARN_RANGE_LOOP_ANALYSIS = YES;
				CLANG_WARN_STRICT_PROTOTYPES = YES;
				CLANG_WARN_SUSPICIOUS_MOVE = YES;
				CLANG_WARN_UNGUARDED_AVAILABILITY = YES_AGGRESSIVE;
				CLANG_WARN_UNREACHABLE_CODE = YES;
				CLANG_WARN__DUPLICATE_METHOD_MATCH = YES;
				COPY_PHASE_STRIP = NO;
				DEBUG_INFORMATION_FORMAT = dwarf;
				ENABLE_STRICT_OBJC_MSGSEND = YES;
				ENABLE_TESTABILITY = YES;
				ENABLE_USER_SCRIPT_SANDBOXING = YES;
				GCC_C_LANGUAGE_STANDARD = gnu17;
				GCC_DYNAMIC_NO_PIC = NO;
				GCC_NO_COMMON_BLOCKS = YES;
				GCC_OPTIMIZATION_LEVEL = 0;
				GCC_PREPROCESSOR_DEFINITIONS = (
					"DEBUG=1",
					"$(inherited)",
				);
				GCC_WARN_64_TO_32_BIT_CONVERSION = YES;
				GCC_WARN_ABOUT_RETURN_TYPE = YES_ERROR;
				GCC_WARN_UNDECLARED_SELECTOR = YES;
				GCC_WARN_UNINITIALIZED_AUTOS = YES_AGGRESSIVE;
				GCC_WARN_UNUSED_FUNCTION = YES;
				GCC_WARN_UNUSED_VARIABLE = YES;
				IPHONEOS_DEPLOYMENT_TARGET = 17.5;
				LOCALIZATION_PREFERS_STRING_CATALOGS = YES;
				MTL_ENABLE_DEBUG_INFO = INCLUDE_SOURCE;
				MTL_FAST_MATH = YES;
				ONLY_ACTIVE_ARCH = YES;
				SDKROOT = iphoneos;
				SWIFT_ACTIVE_COMPILATION_CONDITIONS = "DEBUG $(inherited)";
				SWIFT_OPTIMIZATION_LEVEL = "-Onone";
			};
			name = Debug;
		};
		CE9899752C97622500A9DD46 /* Release */ = {
			isa = XCBuildConfiguration;
			buildSettings = {
				ALWAYS_SEARCH_USER_PATHS = NO;
				ASSETCATALOG_COMPILER_GENERATE_SWIFT_ASSET_SYMBOL_EXTENSIONS = YES;
				CLANG_ANALYZER_NONNULL = YES;
				CLANG_ANALYZER_NUMBER_OBJECT_CONVERSION = YES_AGGRESSIVE;
				CLANG_CXX_LANGUAGE_STANDARD = "gnu++20";
				CLANG_ENABLE_MODULES = YES;
				CLANG_ENABLE_OBJC_ARC = YES;
				CLANG_ENABLE_OBJC_WEAK = YES;
				CLANG_WARN_BLOCK_CAPTURE_AUTORELEASING = YES;
				CLANG_WARN_BOOL_CONVERSION = YES;
				CLANG_WARN_COMMA = YES;
				CLANG_WARN_CONSTANT_CONVERSION = YES;
				CLANG_WARN_DEPRECATED_OBJC_IMPLEMENTATIONS = YES;
				CLANG_WARN_DIRECT_OBJC_ISA_USAGE = YES_ERROR;
				CLANG_WARN_DOCUMENTATION_COMMENTS = YES;
				CLANG_WARN_EMPTY_BODY = YES;
				CLANG_WARN_ENUM_CONVERSION = YES;
				CLANG_WARN_INFINITE_RECURSION = YES;
				CLANG_WARN_INT_CONVERSION = YES;
				CLANG_WARN_NON_LITERAL_NULL_CONVERSION = YES;
				CLANG_WARN_OBJC_IMPLICIT_RETAIN_SELF = YES;
				CLANG_WARN_OBJC_LITERAL_CONVERSION = YES;
				CLANG_WARN_OBJC_ROOT_CLASS = YES_ERROR;
				CLANG_WARN_QUOTED_INCLUDE_IN_FRAMEWORK_HEADER = YES;
				CLANG_WARN_RANGE_LOOP_ANALYSIS = YES;
				CLANG_WARN_STRICT_PROTOTYPES = YES;
				CLANG_WARN_SUSPICIOUS_MOVE = YES;
				CLANG_WARN_UNGUARDED_AVAILABILITY = YES_AGGRESSIVE;
				CLANG_WARN_UNREACHABLE_CODE = YES;
				CLANG_WARN__DUPLICATE_METHOD_MATCH = YES;
				COPY_PHASE_STRIP = NO;
				DEBUG_INFORMATION_FORMAT = "dwarf-with-dsym";
				ENABLE_NS_ASSERTIONS = NO;
				ENABLE_STRICT_OBJC_MSGSEND = YES;
				ENABLE_USER_SCRIPT_SANDBOXING = YES;
				GCC_C_LANGUAGE_STANDARD = gnu17;
				GCC_NO_COMMON_BLOCKS = YES;
				GCC_WARN_64_TO_32_BIT_CONVERSION = YES;
				GCC_WARN_ABOUT_RETURN_TYPE = YES_ERROR;
				GCC_WARN_UNDECLARED_SELECTOR = YES;
				GCC_WARN_UNINITIALIZED_AUTOS = YES_AGGRESSIVE;
				GCC_WARN_UNUSED_FUNCTION = YES;
				GCC_WARN_UNUSED_VARIABLE = YES;
				IPHONEOS_DEPLOYMENT_TARGET = 17.5;
				LOCALIZATION_PREFERS_STRING_CATALOGS = YES;
				MTL_ENABLE_DEBUG_INFO = NO;
				MTL_FAST_MATH = YES;
				SDKROOT = iphoneos;
				SWIFT_COMPILATION_MODE = wholemodule;
				VALIDATE_PRODUCT = YES;
			};
			name = Release;
		};
		CE9899772C97622500A9DD46 /* Debug */ = {
			isa = XCBuildConfiguration;
			buildSettings = {
				ASSETCATALOG_COMPILER_APPICON_NAME = AppIcon;
				ASSETCATALOG_COMPILER_GLOBAL_ACCENT_COLOR_NAME = AccentColor;
				CODE_SIGN_STYLE = Automatic;
				CURRENT_PROJECT_VERSION = 1;
				GENERATE_INFOPLIST_FILE = YES;
				INFOPLIST_FILE = TouchPod/Info.plist;
				INFOPLIST_KEY_UIApplicationSupportsIndirectInputEvents = YES;
				INFOPLIST_KEY_UILaunchStoryboardName = LaunchScreen;
				INFOPLIST_KEY_UIMainStoryboardFile = Main;
				INFOPLIST_KEY_UISupportedInterfaceOrientations_iPad = "UIInterfaceOrientationPortrait UIInterfaceOrientationPortraitUpsideDown UIInterfaceOrientationLandscapeLeft UIInterfaceOrientationLandscapeRight";
				INFOPLIST_KEY_UISupportedInterfaceOrientations_iPhone = "UIInterfaceOrientationPortrait UIInterfaceOrientationLandscapeLeft UIInterfaceOrientationLandscapeRight";
				LD_RUNPATH_SEARCH_PATHS = (
					"$(inherited)",
					"@executable_path/Frameworks",
				);
				MARKETING_VERSION = 1.0;
				PRODUCT_BUNDLE_IDENTIFIER = app.Tsuge.Perry.TouchPod;
				PRODUCT_NAME = "$(TARGET_NAME)";
				SWIFT_EMIT_LOC_STRINGS = YES;
				SWIFT_VERSION = 5.0;
				TARGETED_DEVICE_FAMILY = "1,2";
			};
			name = Debug;
		};
		CE9899782C97622500A9DD46 /* Release */ = {
			isa = XCBuildConfiguration;
			buildSettings = {
				ASSETCATALOG_COMPILER_APPICON_NAME = AppIcon;
				ASSETCATALOG_COMPILER_GLOBAL_ACCENT_COLOR_NAME = AccentColor;
				CODE_SIGN_STYLE = Automatic;
				CURRENT_PROJECT_VERSION = 1;
				GENERATE_INFOPLIST_FILE = YES;
				INFOPLIST_FILE = TouchPod/Info.plist;
				INFOPLIST_KEY_UIApplicationSupportsIndirectInputEvents = YES;
				INFOPLIST_KEY_UILaunchStoryboardName = LaunchScreen;
				INFOPLIST_KEY_UIMainStoryboardFile = Main;
				INFOPLIST_KEY_UISupportedInterfaceOrientations_iPad = "UIInterfaceOrientationPortrait UIInterfaceOrientationPortraitUpsideDown UIInterfaceOrientationLandscapeLeft UIInterfaceOrientationLandscapeRight";
				INFOPLIST_KEY_UISupportedInterfaceOrientations_iPhone = "UIInterfaceOrientationPortrait UIInterfaceOrientationLandscapeLeft UIInterfaceOrientationLandscapeRight";
				LD_RUNPATH_SEARCH_PATHS = (
					"$(inherited)",
					"@executable_path/Frameworks",
				);
				MARKETING_VERSION = 1.0;
				PRODUCT_BUNDLE_IDENTIFIER = app.Tsuge.Perry.TouchPod;
				PRODUCT_NAME = "$(TARGET_NAME)";
				SWIFT_EMIT_LOC_STRINGS = YES;
				SWIFT_VERSION = 5.0;
				TARGETED_DEVICE_FAMILY = "1,2";
			};
			name = Release;
		};
/* End XCBuildConfiguration section */

/* Begin XCConfigurationList section */
		CE98995D2C97622300A9DD46 /* Build configuration list for PBXProject "TouchPod" */ = {
			isa = XCConfigurationList;
			buildConfigurations = (
				CE9899742C97622500A9DD46 /* Debug */,
				CE9899752C97622500A9DD46 /* Release */,
			);
			defaultConfigurationIsVisible = 0;
			defaultConfigurationName = Release;
		};
		CE9899762C97622500A9DD46 /* Build configuration list for PBXNativeTarget "TouchPod" */ = {
			isa = XCConfigurationList;
			buildConfigurations = (
				CE9899772C97622500A9DD46 /* Debug */,
				CE9899782C97622500A9DD46 /* Release */,
			);
			defaultConfigurationIsVisible = 0;
			defaultConfigurationName = Release;
		};
/* End XCConfigurationList section */
	};
	rootObject = CE98995A2C97622300A9DD46 /* Project object */;
}
